// !$*UTF8*$!
{
	archiveVersion = 1;
	classes = {
	};
	objectVersion = 46;
	objects = {

/* Begin PBXBuildFile section */
		464A395C1C907B730006A367 /* zChaining_Test.m in Sources */ = {isa = PBXBuildFile; fileRef = 464A395B1C907B730006A367 /* zChaining_Test.m */; };
		464A39621C90806A0006A367 /* zValidator+Chaining.m in Sources */ = {isa = PBXBuildFile; fileRef = 464A39611C90806A0006A367 /* zValidator+Chaining.m */; };
		4687E14B1C91247600220DDD /* NSString+zValidator.m in Sources */ = {isa = PBXBuildFile; fileRef = 4687E14A1C91247600220DDD /* NSString+zValidator.m */; };
		4687E14D1C912ADA00220DDD /* NSString+zValidator_Test.m in Sources */ = {isa = PBXBuildFile; fileRef = 4687E14C1C912ADA00220DDD /* NSString+zValidator_Test.m */; };
		4687E1501C9131B100220DDD /* zComplexRule.m in Sources */ = {isa = PBXBuildFile; fileRef = 4687E14F1C9131B100220DDD /* zComplexRule.m */; };
		4687E1531C914A5700220DDD /* NSArray+zValidator.m in Sources */ = {isa = PBXBuildFile; fileRef = 4687E1521C914A5700220DDD /* NSArray+zValidator.m */; };
		4687E1561C914AD700220DDD /* NSObject+zValidator.m in Sources */ = {isa = PBXBuildFile; fileRef = 4687E1551C914AD700220DDD /* NSObject+zValidator.m */; };
		46915E321C902D320030404A /* AppDelegate.m in Sources */ = {isa = PBXBuildFile; fileRef = 46915E271C902D320030404A /* AppDelegate.m */; };
		46915E331C902D320030404A /* Assets.xcassets in Resources */ = {isa = PBXBuildFile; fileRef = 46915E281C902D320030404A /* Assets.xcassets */; };
		46915E341C902D320030404A /* LaunchScreen.storyboard in Resources */ = {isa = PBXBuildFile; fileRef = 46915E2A1C902D320030404A /* LaunchScreen.storyboard */; };
		46915E351C902D320030404A /* Main.storyboard in Resources */ = {isa = PBXBuildFile; fileRef = 46915E2C1C902D320030404A /* Main.storyboard */; };
		46915E371C902D320030404A /* main.m in Sources */ = {isa = PBXBuildFile; fileRef = 46915E2F1C902D320030404A /* main.m */; };
		46915E381C902D320030404A /* ViewController.m in Sources */ = {isa = PBXBuildFile; fileRef = 46915E311C902D320030404A /* ViewController.m */; };
		46915E4A1C902D700030404A /* zBlockRule.m in Sources */ = {isa = PBXBuildFile; fileRef = 46915E3F1C902D700030404A /* zBlockRule.m */; };
		46915E4B1C902D700030404A /* zRule.m in Sources */ = {isa = PBXBuildFile; fileRef = 46915E411C902D700030404A /* zRule.m */; };
		46915E4C1C902D700030404A /* zRuleAND.m in Sources */ = {isa = PBXBuildFile; fileRef = 46915E431C902D700030404A /* zRuleAND.m */; };
		46915E4D1C902D700030404A /* zRuleOR.m in Sources */ = {isa = PBXBuildFile; fileRef = 46915E451C902D700030404A /* zRuleOR.m */; };
		46915E4E1C902D700030404A /* zValidator.m in Sources */ = {isa = PBXBuildFile; fileRef = 46915E481C902D700030404A /* zValidator.m */; };
		46915E531C902D970030404A /* zRule_Test.m in Sources */ = {isa = PBXBuildFile; fileRef = 46915E501C902D970030404A /* zRule_Test.m */; };
/* End PBXBuildFile section */

/* Begin PBXContainerItemProxy section */
		46915E161C902CB70030404A /* PBXContainerItemProxy */ = {
			isa = PBXContainerItemProxy;
			containerPortal = 46915DF41C902CB60030404A /* Project object */;
			proxyType = 1;
			remoteGlobalIDString = 46915DFB1C902CB60030404A;
			remoteInfo = zValidator;
		};
/* End PBXContainerItemProxy section */

/* Begin PBXFileReference section */
		464A395A1C906CCE0006A367 /* zValidatorProtocol.h */ = {isa = PBXFileReference; lastKnownFileType = sourcecode.c.h; name = zValidatorProtocol.h; path = zValidator/zValidatorProtocol.h; sourceTree = "<group>"; };
		464A395B1C907B730006A367 /* zChaining_Test.m */ = {isa = PBXFileReference; fileEncoding = 4; lastKnownFileType = sourcecode.c.objc; path = zChaining_Test.m; sourceTree = "<group>"; };
		464A39601C90806A0006A367 /* zValidator+Chaining.h */ = {isa = PBXFileReference; fileEncoding = 4; lastKnownFileType = sourcecode.c.h; name = "zValidator+Chaining.h"; path = "zValidator/chaining/zValidator+Chaining.h"; sourceTree = "<group>"; };
		464A39611C90806A0006A367 /* zValidator+Chaining.m */ = {isa = PBXFileReference; fileEncoding = 4; lastKnownFileType = sourcecode.c.objc; name = "zValidator+Chaining.m"; path = "zValidator/chaining/zValidator+Chaining.m"; sourceTree = "<group>"; };
		4687E1461C90975200220DDD /* README.md */ = {isa = PBXFileReference; fileEncoding = 4; lastKnownFileType = net.daringfireball.markdown; path = README.md; sourceTree = "<group>"; };
		4687E1491C91247600220DDD /* NSString+zValidator.h */ = {isa = PBXFileReference; fileEncoding = 4; lastKnownFileType = sourcecode.c.h; name = "NSString+zValidator.h"; path = "zValidator/categories/NSString+zValidator.h"; sourceTree = "<group>"; };
		4687E14A1C91247600220DDD /* NSString+zValidator.m */ = {isa = PBXFileReference; fileEncoding = 4; lastKnownFileType = sourcecode.c.objc; name = "NSString+zValidator.m"; path = "zValidator/categories/NSString+zValidator.m"; sourceTree = "<group>"; };
		4687E14C1C912ADA00220DDD /* NSString+zValidator_Test.m */ = {isa = PBXFileReference; fileEncoding = 4; lastKnownFileType = sourcecode.c.objc; path = "NSString+zValidator_Test.m"; sourceTree = "<group>"; };
		4687E14E1C9131B100220DDD /* zComplexRule.h */ = {isa = PBXFileReference; fileEncoding = 4; lastKnownFileType = sourcecode.c.h; path = zComplexRule.h; sourceTree = "<group>"; };
		4687E14F1C9131B100220DDD /* zComplexRule.m */ = {isa = PBXFileReference; fileEncoding = 4; lastKnownFileType = sourcecode.c.objc; path = zComplexRule.m; sourceTree = "<group>"; };
		4687E1511C914A5700220DDD /* NSArray+zValidator.h */ = {isa = PBXFileReference; fileEncoding = 4; lastKnownFileType = sourcecode.c.h; name = "NSArray+zValidator.h"; path = "zValidator/categories/NSArray+zValidator.h"; sourceTree = "<group>"; };
		4687E1521C914A5700220DDD /* NSArray+zValidator.m */ = {isa = PBXFileReference; fileEncoding = 4; lastKnownFileType = sourcecode.c.objc; name = "NSArray+zValidator.m"; path = "zValidator/categories/NSArray+zValidator.m"; sourceTree = "<group>"; };
		4687E1541C914AD700220DDD /* NSObject+zValidator.h */ = {isa = PBXFileReference; fileEncoding = 4; lastKnownFileType = sourcecode.c.h; name = "NSObject+zValidator.h"; path = "zValidator/categories/NSObject+zValidator.h"; sourceTree = "<group>"; };
		4687E1551C914AD700220DDD /* NSObject+zValidator.m */ = {isa = PBXFileReference; fileEncoding = 4; lastKnownFileType = sourcecode.c.objc; name = "NSObject+zValidator.m"; path = "zValidator/categories/NSObject+zValidator.m"; sourceTree = "<group>"; };
		4687E1571C91749800220DDD /* zValidator.podspec */ = {isa = PBXFileReference; fileEncoding = 4; lastKnownFileType = text; path = zValidator.podspec; sourceTree = "<group>"; };
		46915DFC1C902CB60030404A /* zValidator.app */ = {isa = PBXFileReference; explicitFileType = wrapper.application; includeInIndex = 0; path = zValidator.app; sourceTree = BUILT_PRODUCTS_DIR; };
		46915E151C902CB70030404A /* zValidatorTests.xctest */ = {isa = PBXFileReference; explicitFileType = wrapper.cfbundle; includeInIndex = 0; path = zValidatorTests.xctest; sourceTree = BUILT_PRODUCTS_DIR; };
		46915E1B1C902CB70030404A /* Info.plist */ = {isa = PBXFileReference; lastKnownFileType = text.plist.xml; path = Info.plist; sourceTree = "<group>"; };
		46915E261C902D320030404A /* AppDelegate.h */ = {isa = PBXFileReference; fileEncoding = 4; lastKnownFileType = sourcecode.c.h; name = AppDelegate.h; path = zValidatorDemo/AppDelegate.h; sourceTree = "<group>"; };
		46915E271C902D320030404A /* AppDelegate.m */ = {isa = PBXFileReference; fileEncoding = 4; lastKnownFileType = sourcecode.c.objc; name = AppDelegate.m; path = zValidatorDemo/AppDelegate.m; sourceTree = "<group>"; };
		46915E281C902D320030404A /* Assets.xcassets */ = {isa = PBXFileReference; lastKnownFileType = folder.assetcatalog; name = Assets.xcassets; path = zValidatorDemo/Assets.xcassets; sourceTree = "<group>"; };
		46915E2B1C902D320030404A /* Base */ = {isa = PBXFileReference; lastKnownFileType = file.storyboard; name = Base; path = LaunchScreen.storyboard; sourceTree = "<group>"; };
		46915E2D1C902D320030404A /* Base */ = {isa = PBXFileReference; lastKnownFileType = file.storyboard; name = Base; path = Main.storyboard; sourceTree = "<group>"; };
		46915E2E1C902D320030404A /* Info.plist */ = {isa = PBXFileReference; fileEncoding = 4; lastKnownFileType = text.plist.xml; name = Info.plist; path = zValidatorDemo/Info.plist; sourceTree = "<group>"; };
		46915E2F1C902D320030404A /* main.m */ = {isa = PBXFileReference; fileEncoding = 4; lastKnownFileType = sourcecode.c.objc; name = main.m; path = zValidatorDemo/main.m; sourceTree = "<group>"; };
		46915E301C902D320030404A /* ViewController.h */ = {isa = PBXFileReference; fileEncoding = 4; lastKnownFileType = sourcecode.c.h; name = ViewController.h; path = zValidatorDemo/ViewController.h; sourceTree = "<group>"; };
		46915E311C902D320030404A /* ViewController.m */ = {isa = PBXFileReference; fileEncoding = 4; lastKnownFileType = sourcecode.c.objc; name = ViewController.m; path = zValidatorDemo/ViewController.m; sourceTree = "<group>"; };
		46915E3E1C902D700030404A /* zBlockRule.h */ = {isa = PBXFileReference; fileEncoding = 4; lastKnownFileType = sourcecode.c.h; path = zBlockRule.h; sourceTree = "<group>"; };
		46915E3F1C902D700030404A /* zBlockRule.m */ = {isa = PBXFileReference; fileEncoding = 4; lastKnownFileType = sourcecode.c.objc; path = zBlockRule.m; sourceTree = "<group>"; };
		46915E401C902D700030404A /* zRule.h */ = {isa = PBXFileReference; fileEncoding = 4; lastKnownFileType = sourcecode.c.h; path = zRule.h; sourceTree = "<group>"; };
		46915E411C902D700030404A /* zRule.m */ = {isa = PBXFileReference; fileEncoding = 4; lastKnownFileType = sourcecode.c.objc; path = zRule.m; sourceTree = "<group>"; };
		46915E421C902D700030404A /* zRuleAND.h */ = {isa = PBXFileReference; fileEncoding = 4; lastKnownFileType = sourcecode.c.h; path = zRuleAND.h; sourceTree = "<group>"; };
		46915E431C902D700030404A /* zRuleAND.m */ = {isa = PBXFileReference; fileEncoding = 4; lastKnownFileType = sourcecode.c.objc; path = zRuleAND.m; sourceTree = "<group>"; };
		46915E441C902D700030404A /* zRuleOR.h */ = {isa = PBXFileReference; fileEncoding = 4; lastKnownFileType = sourcecode.c.h; path = zRuleOR.h; sourceTree = "<group>"; };
		46915E451C902D700030404A /* zRuleOR.m */ = {isa = PBXFileReference; fileEncoding = 4; lastKnownFileType = sourcecode.c.objc; path = zRuleOR.m; sourceTree = "<group>"; };
		46915E471C902D700030404A /* zValidator.h */ = {isa = PBXFileReference; fileEncoding = 4; lastKnownFileType = sourcecode.c.h; name = zValidator.h; path = zValidator/zValidator.h; sourceTree = "<group>"; };
		46915E481C902D700030404A /* zValidator.m */ = {isa = PBXFileReference; fileEncoding = 4; lastKnownFileType = sourcecode.c.objc; name = zValidator.m; path = zValidator/zValidator.m; sourceTree = "<group>"; };
		46915E501C902D970030404A /* zRule_Test.m */ = {isa = PBXFileReference; fileEncoding = 4; lastKnownFileType = sourcecode.c.objc; path = zRule_Test.m; sourceTree = "<group>"; };
/* End PBXFileReference section */

/* Begin PBXFrameworksBuildPhase section */
		46915DF91C902CB60030404A /* Frameworks */ = {
			isa = PBXFrameworksBuildPhase;
			buildActionMask = 2147483647;
			files = (
			);
			runOnlyForDeploymentPostprocessing = 0;
		};
		46915E121C902CB70030404A /* Frameworks */ = {
			isa = PBXFrameworksBuildPhase;
			buildActionMask = 2147483647;
			files = (
			);
			runOnlyForDeploymentPostprocessing = 0;
		};
/* End PBXFrameworksBuildPhase section */

/* Begin PBXGroup section */
		464A39631C9080790006A367 /* chaining */ = {
			isa = PBXGroup;
			children = (
				464A39601C90806A0006A367 /* zValidator+Chaining.h */,
				464A39611C90806A0006A367 /* zValidator+Chaining.m */,
			);
			name = chaining;
			sourceTree = "<group>";
		};
		4687E1481C91245C00220DDD /* categories */ = {
			isa = PBXGroup;
			children = (
				4687E1541C914AD700220DDD /* NSObject+zValidator.h */,
				4687E1551C914AD700220DDD /* NSObject+zValidator.m */,
				4687E1511C914A5700220DDD /* NSArray+zValidator.h */,
				4687E1521C914A5700220DDD /* NSArray+zValidator.m */,
				4687E1491C91247600220DDD /* NSString+zValidator.h */,
				4687E14A1C91247600220DDD /* NSString+zValidator.m */,
			);
			name = categories;
			sourceTree = "<group>";
		};
		46915DF31C902CB60030404A = {
			isa = PBXGroup;
			children = (
				46915E241C902CCA0030404A /* zValidator */,
				46915E251C902D220030404A /* zValidatorDemo */,
				46915E181C902CB70030404A /* zValidatorTests */,
				46915DFD1C902CB60030404A /* Products */,
				4687E1461C90975200220DDD /* README.md */,
				4687E1571C91749800220DDD /* zValidator.podspec */,
			);
			sourceTree = "<group>";
		};
		46915DFD1C902CB60030404A /* Products */ = {
			isa = PBXGroup;
			children = (
				46915DFC1C902CB60030404A /* zValidator.app */,
				46915E151C902CB70030404A /* zValidatorTests.xctest */,
			);
			name = Products;
			sourceTree = "<group>";
		};
		46915E181C902CB70030404A /* zValidatorTests */ = {
			isa = PBXGroup;
			children = (
				46915E1B1C902CB70030404A /* Info.plist */,
				46915E501C902D970030404A /* zRule_Test.m */,
				464A395B1C907B730006A367 /* zChaining_Test.m */,
				4687E14C1C912ADA00220DDD /* NSString+zValidator_Test.m */,
			);
			path = zValidatorTests;
			sourceTree = "<group>";
		};
		46915E241C902CCA0030404A /* zValidator */ = {
			isa = PBXGroup;
			children = (
				4687E1481C91245C00220DDD /* categories */,
				464A39631C9080790006A367 /* chaining */,
				46915E3D1C902D700030404A /* rules */,
				46915E471C902D700030404A /* zValidator.h */,
				46915E481C902D700030404A /* zValidator.m */,
				464A395A1C906CCE0006A367 /* zValidatorProtocol.h */,
			);
			name = zValidator;
			sourceTree = "<group>";
		};
		46915E251C902D220030404A /* zValidatorDemo */ = {
			isa = PBXGroup;
			children = (
				46915E261C902D320030404A /* AppDelegate.h */,
				46915E271C902D320030404A /* AppDelegate.m */,
				46915E281C902D320030404A /* Assets.xcassets */,
				46915E291C902D320030404A /* Base.lproj */,
				46915E2E1C902D320030404A /* Info.plist */,
				46915E301C902D320030404A /* ViewController.h */,
				46915E311C902D320030404A /* ViewController.m */,
				46915E391C902D370030404A /* Supporting Files */,
			);
			name = zValidatorDemo;
			sourceTree = "<group>";
		};
		46915E291C902D320030404A /* Base.lproj */ = {
			isa = PBXGroup;
			children = (
				46915E2A1C902D320030404A /* LaunchScreen.storyboard */,
				46915E2C1C902D320030404A /* Main.storyboard */,
			);
			name = Base.lproj;
			path = zValidatorDemo/Base.lproj;
			sourceTree = "<group>";
		};
		46915E391C902D370030404A /* Supporting Files */ = {
			isa = PBXGroup;
			children = (
				46915E2F1C902D320030404A /* main.m */,
			);
			name = "Supporting Files";
			sourceTree = "<group>";
		};
		46915E3D1C902D700030404A /* rules */ = {
			isa = PBXGroup;
			children = (
				46915E401C902D700030404A /* zRule.h */,
				46915E411C902D700030404A /* zRule.m */,
				46915E3E1C902D700030404A /* zBlockRule.h */,
				46915E3F1C902D700030404A /* zBlockRule.m */,
				4687E14E1C9131B100220DDD /* zComplexRule.h */,
				4687E14F1C9131B100220DDD /* zComplexRule.m */,
				46915E421C902D700030404A /* zRuleAND.h */,
				46915E431C902D700030404A /* zRuleAND.m */,
				46915E441C902D700030404A /* zRuleOR.h */,
				46915E451C902D700030404A /* zRuleOR.m */,
			);
			name = rules;
			path = zValidator/rules;
			sourceTree = "<group>";
		};
/* End PBXGroup section */

/* Begin PBXNativeTarget section */
		46915DFB1C902CB60030404A /* zValidator */ = {
			isa = PBXNativeTarget;
			buildConfigurationList = 46915E1E1C902CB70030404A /* Build configuration list for PBXNativeTarget "zValidator" */;
			buildPhases = (
				46915DF81C902CB60030404A /* Sources */,
				46915DF91C902CB60030404A /* Frameworks */,
				46915DFA1C902CB60030404A /* Resources */,
			);
			buildRules = (
			);
			dependencies = (
			);
			name = zValidator;
			productName = zValidator;
			productReference = 46915DFC1C902CB60030404A /* zValidator.app */;
			productType = "com.apple.product-type.application";
		};
		46915E141C902CB70030404A /* zValidatorTests */ = {
			isa = PBXNativeTarget;
			buildConfigurationList = 46915E211C902CB70030404A /* Build configuration list for PBXNativeTarget "zValidatorTests" */;
			buildPhases = (
				46915E111C902CB70030404A /* Sources */,
				46915E121C902CB70030404A /* Frameworks */,
				46915E131C902CB70030404A /* Resources */,
			);
			buildRules = (
			);
			dependencies = (
				46915E171C902CB70030404A /* PBXTargetDependency */,
			);
			name = zValidatorTests;
			productName = zValidatorTests;
			productReference = 46915E151C902CB70030404A /* zValidatorTests.xctest */;
			productType = "com.apple.product-type.bundle.unit-test";
		};
/* End PBXNativeTarget section */

/* Begin PBXProject section */
		46915DF41C902CB60030404A /* Project object */ = {
			isa = PBXProject;
			attributes = {
				LastUpgradeCheck = 0720;
				ORGANIZATIONNAME = zhennan;
				TargetAttributes = {
					46915DFB1C902CB60030404A = {
						CreatedOnToolsVersion = 7.2.1;
					};
					46915E141C902CB70030404A = {
						CreatedOnToolsVersion = 7.2.1;
						TestTargetID = 46915DFB1C902CB60030404A;
					};
				};
			};
			buildConfigurationList = 46915DF71C902CB60030404A /* Build configuration list for PBXProject "zValidator" */;
			compatibilityVersion = "Xcode 3.2";
			developmentRegion = English;
			hasScannedForEncodings = 0;
			knownRegions = (
				en,
				Base,
			);
			mainGroup = 46915DF31C902CB60030404A;
			productRefGroup = 46915DFD1C902CB60030404A /* Products */;
			projectDirPath = "";
			projectRoot = "";
			targets = (
				46915DFB1C902CB60030404A /* zValidator */,
				46915E141C902CB70030404A /* zValidatorTests */,
			);
		};
/* End PBXProject section */

/* Begin PBXResourcesBuildPhase section */
		46915DFA1C902CB60030404A /* Resources */ = {
			isa = PBXResourcesBuildPhase;
			buildActionMask = 2147483647;
			files = (
				46915E351C902D320030404A /* Main.storyboard in Resources */,
				46915E331C902D320030404A /* Assets.xcassets in Resources */,
				46915E341C902D320030404A /* LaunchScreen.storyboard in Resources */,
			);
			runOnlyForDeploymentPostprocessing = 0;
		};
		46915E131C902CB70030404A /* Resources */ = {
			isa = PBXResourcesBuildPhase;
			buildActionMask = 2147483647;
			files = (
			);
			runOnlyForDeploymentPostprocessing = 0;
		};
/* End PBXResourcesBuildPhase section */

/* Begin PBXSourcesBuildPhase section */
		46915DF81C902CB60030404A /* Sources */ = {
			isa = PBXSourcesBuildPhase;
			buildActionMask = 2147483647;
			files = (
				46915E4B1C902D700030404A /* zRule.m in Sources */,
				4687E14B1C91247600220DDD /* NSString+zValidator.m in Sources */,
				46915E381C902D320030404A /* ViewController.m in Sources */,
				4687E1561C914AD700220DDD /* NSObject+zValidator.m in Sources */,
				46915E4A1C902D700030404A /* zBlockRule.m in Sources */,
				46915E371C902D320030404A /* main.m in Sources */,
				46915E321C902D320030404A /* AppDelegate.m in Sources */,
				464A39621C90806A0006A367 /* zValidator+Chaining.m in Sources */,
				46915E4C1C902D700030404A /* zRuleAND.m in Sources */,
				4687E1501C9131B100220DDD /* zComplexRule.m in Sources */,
				46915E4D1C902D700030404A /* zRuleOR.m in Sources */,
				4687E1531C914A5700220DDD /* NSArray+zValidator.m in Sources */,
				46915E4E1C902D700030404A /* zValidator.m in Sources */,
			);
			runOnlyForDeploymentPostprocessing = 0;
		};
		46915E111C902CB70030404A /* Sources */ = {
			isa = PBXSourcesBuildPhase;
			buildActionMask = 2147483647;
			files = (
				46915E531C902D970030404A /* zRule_Test.m in Sources */,
				4687E14D1C912ADA00220DDD /* NSString+zValidator_Test.m in Sources */,
				464A395C1C907B730006A367 /* zChaining_Test.m in Sources */,
			);
			runOnlyForDeploymentPostprocessing = 0;
		};
/* End PBXSourcesBuildPhase section */

/* Begin PBXTargetDependency section */
		46915E171C902CB70030404A /* PBXTargetDependency */ = {
			isa = PBXTargetDependency;
			target = 46915DFB1C902CB60030404A /* zValidator */;
			targetProxy = 46915E161C902CB70030404A /* PBXContainerItemProxy */;
		};
/* End PBXTargetDependency section */

/* Begin PBXVariantGroup section */
		46915E2A1C902D320030404A /* LaunchScreen.storyboard */ = {
			isa = PBXVariantGroup;
			children = (
				46915E2B1C902D320030404A /* Base */,
			);
			name = LaunchScreen.storyboard;
			sourceTree = "<group>";
		};
		46915E2C1C902D320030404A /* Main.storyboard */ = {
			isa = PBXVariantGroup;
			children = (
				46915E2D1C902D320030404A /* Base */,
			);
			name = Main.storyboard;
			sourceTree = "<group>";
		};
/* End PBXVariantGroup section */

/* Begin XCBuildConfiguration section */
		46915E1C1C902CB70030404A /* Debug */ = {
			isa = XCBuildConfiguration;
			buildSettings = {
				ALWAYS_SEARCH_USER_PATHS = NO;
				CLANG_CXX_LANGUAGE_STANDARD = "gnu++0x";
				CLANG_CXX_LIBRARY = "libc++";
				CLANG_ENABLE_MODULES = YES;
				CLANG_ENABLE_OBJC_ARC = YES;
				CLANG_WARN_BOOL_CONVERSION = YES;
				CLANG_WARN_CONSTANT_CONVERSION = YES;
				CLANG_WARN_DIRECT_OBJC_ISA_USAGE = YES_ERROR;
				CLANG_WARN_EMPTY_BODY = YES;
				CLANG_WARN_ENUM_CONVERSION = YES;
				CLANG_WARN_INT_CONVERSION = YES;
				CLANG_WARN_OBJC_ROOT_CLASS = YES_ERROR;
				CLANG_WARN_UNREACHABLE_CODE = YES;
				CLANG_WARN__DUPLICATE_METHOD_MATCH = YES;
				"CODE_SIGN_IDENTITY[sdk=iphoneos*]" = "iPhone Developer";
				COPY_PHASE_STRIP = NO;
				DEBUG_INFORMATION_FORMAT = dwarf;
				ENABLE_STRICT_OBJC_MSGSEND = YES;
				ENABLE_TESTABILITY = YES;
				GCC_C_LANGUAGE_STANDARD = gnu99;
				GCC_DYNAMIC_NO_PIC = NO;
				GCC_NO_COMMON_BLOCKS = YES;
				GCC_OPTIMIZATION_LEVEL = 0;
				GCC_PREPROCESSOR_DEFINITIONS = (
					"DEBUG=1",
					"$(inherited)",
				);
				GCC_WARN_64_TO_32_BIT_CONVERSION = YES;
				GCC_WARN_ABOUT_RETURN_TYPE = YES_ERROR;
				GCC_WARN_UNDECLARED_SELECTOR = YES;
				GCC_WARN_UNINITIALIZED_AUTOS = YES_AGGRESSIVE;
				GCC_WARN_UNUSED_FUNCTION = YES;
				GCC_WARN_UNUSED_VARIABLE = YES;
				IPHONEOS_DEPLOYMENT_TARGET = 9.2;
				MTL_ENABLE_DEBUG_INFO = YES;
				ONLY_ACTIVE_ARCH = YES;
				SDKROOT = iphoneos;
				TARGETED_DEVICE_FAMILY = "1,2";
			};
			name = Debug;
		};
		46915E1D1C902CB70030404A /* Release */ = {
			isa = XCBuildConfiguration;
			buildSettings = {
				ALWAYS_SEARCH_USER_PATHS = NO;
				CLANG_CXX_LANGUAGE_STANDARD = "gnu++0x";
				CLANG_CXX_LIBRARY = "libc++";
				CLANG_ENABLE_MODULES = YES;
				CLANG_ENABLE_OBJC_ARC = YES;
				CLANG_WARN_BOOL_CONVERSION = YES;
				CLANG_WARN_CONSTANT_CONVERSION = YES;
				CLANG_WARN_DIRECT_OBJC_ISA_USAGE = YES_ERROR;
				CLANG_WARN_EMPTY_BODY = YES;
				CLANG_WARN_ENUM_CONVERSION = YES;
				CLANG_WARN_INT_CONVERSION = YES;
				CLANG_WARN_OBJC_ROOT_CLASS = YES_ERROR;
				CLANG_WARN_UNREACHABLE_CODE = YES;
				CLANG_WARN__DUPLICATE_METHOD_MATCH = YES;
				"CODE_SIGN_IDENTITY[sdk=iphoneos*]" = "iPhone Developer";
				COPY_PHASE_STRIP = NO;
				DEBUG_INFORMATION_FORMAT = "dwarf-with-dsym";
				ENABLE_NS_ASSERTIONS = NO;
				ENABLE_STRICT_OBJC_MSGSEND = YES;
				GCC_C_LANGUAGE_STANDARD = gnu99;
				GCC_NO_COMMON_BLOCKS = YES;
				GCC_WARN_64_TO_32_BIT_CONVERSION = YES;
				GCC_WARN_ABOUT_RETURN_TYPE = YES_ERROR;
				GCC_WARN_UNDECLARED_SELECTOR = YES;
				GCC_WARN_UNINITIALIZED_AUTOS = YES_AGGRESSIVE;
				GCC_WARN_UNUSED_FUNCTION = YES;
				GCC_WARN_UNUSED_VARIABLE = YES;
				IPHONEOS_DEPLOYMENT_TARGET = 9.2;
				MTL_ENABLE_DEBUG_INFO = NO;
				SDKROOT = iphoneos;
				TARGETED_DEVICE_FAMILY = "1,2";
				VALIDATE_PRODUCT = YES;
			};
			name = Release;
		};
		46915E1F1C902CB70030404A /* Debug */ = {
			isa = XCBuildConfiguration;
			buildSettings = {
				ASSETCATALOG_COMPILER_APPICON_NAME = AppIcon;
				INFOPLIST_FILE = zValidatorDemo/Info.plist;
				LD_RUNPATH_SEARCH_PATHS = "$(inherited) @executable_path/Frameworks";
				PRODUCT_BUNDLE_IDENTIFIER = me.zhennan.zValidator;
				PRODUCT_NAME = "$(TARGET_NAME)";
			};
			name = Debug;
		};
		46915E201C902CB70030404A /* Release */ = {
			isa = XCBuildConfiguration;
			buildSettings = {
				ASSETCATALOG_COMPILER_APPICON_NAME = AppIcon;
				INFOPLIST_FILE = zValidatorDemo/Info.plist;
				LD_RUNPATH_SEARCH_PATHS = "$(inherited) @executable_path/Frameworks";
				PRODUCT_BUNDLE_IDENTIFIER = me.zhennan.zValidator;
				PRODUCT_NAME = "$(TARGET_NAME)";
			};
			name = Release;
		};
		46915E221C902CB70030404A /* Debug */ = {
			isa = XCBuildConfiguration;
			buildSettings = {
				BUNDLE_LOADER = "$(TEST_HOST)";
				INFOPLIST_FILE = zValidatorTests/Info.plist;
				LD_RUNPATH_SEARCH_PATHS = "$(inherited) @executable_path/Frameworks @loader_path/Frameworks";
				PRODUCT_BUNDLE_IDENTIFIER = me.zhennan.zValidatorTests;
				PRODUCT_NAME = "$(TARGET_NAME)";
				TEST_HOST = "$(BUILT_PRODUCTS_DIR)/zValidator.app/zValidator";
			};
			name = Debug;
		};
		46915E231C902CB70030404A /* Release */ = {
			isa = XCBuildConfiguration;
			buildSettings = {
				BUNDLE_LOADER = "$(TEST_HOST)";
				INFOPLIST_FILE = zValidatorTests/Info.plist;
				LD_RUNPATH_SEARCH_PATHS = "$(inherited) @executable_path/Frameworks @loader_path/Frameworks";
				PRODUCT_BUNDLE_IDENTIFIER = me.zhennan.zValidatorTests;
				PRODUCT_NAME = "$(TARGET_NAME)";
				TEST_HOST = "$(BUILT_PRODUCTS_DIR)/zValidator.app/zValidator";
			};
			name = Release;
		};
/* End XCBuildConfiguration section */

/* Begin XCConfigurationList section */
		46915DF71C902CB60030404A /* Build configuration list for PBXProject "zValidator" */ = {
			isa = XCConfigurationList;
			buildConfigurations = (
				46915E1C1C902CB70030404A /* Debug */,
				46915E1D1C902CB70030404A /* Release */,
			);
			defaultConfigurationIsVisible = 0;
			defaultConfigurationName = Release;
		};
		46915E1E1C902CB70030404A /* Build configuration list for PBXNativeTarget "zValidator" */ = {
			isa = XCConfigurationList;
			buildConfigurations = (
				46915E1F1C902CB70030404A /* Debug */,
				46915E201C902CB70030404A /* Release */,
			);
			defaultConfigurationIsVisible = 0;
			defaultConfigurationName = Release;
		};
		46915E211C902CB70030404A /* Build configuration list for PBXNativeTarget "zValidatorTests" */ = {
			isa = XCConfigurationList;
			buildConfigurations = (
				46915E221C902CB70030404A /* Debug */,
				46915E231C902CB70030404A /* Release */,
			);
			defaultConfigurationIsVisible = 0;
			defaultConfigurationName = Release;
		};
/* End XCConfigurationList section */
	};
	rootObject = 46915DF41C902CB60030404A /* Project object */;
}
